
Microsoft Visual Studio Solution File, Format Version 12.00
# Visual Studio Version 17
VisualStudioVersion = 17.8.34408.163
MinimumVisualStudioVersion = 10.0.40219.1
Project("{FAE04EC0-301F-11D3-BF4B-00C04F79EFBC}") = "WebScraper", "WebScraper\WebScraper.csproj", "{AA526AF8-D61C-4763-8E2D-6C442631F9FB}"
EndProject
Global
	GlobalSection(SolutionConfigurationPlatforms) = preSolution
		Debug|Any CPU = Debug|Any CPU
		Release|Any CPU = Release|Any CPU
	EndGlobalSection
	GlobalSection(ProjectConfigurationPlatforms) = postSolution
		{AA526AF8-D61C-4763-8E2D-6C442631F9FB}.Debug|Any CPU.ActiveCfg = Debug|Any CPU
		{AA526AF8-D61C-4763-8E2D-6C442631F9FB}.Debug|Any CPU.Build.0 = Debug|Any CPU
		{AA526AF8-D61C-4763-8E2D-6C442631F9FB}.Release|Any CPU.ActiveCfg = Release|Any CPU
		{AA526AF8-D61C-4763-8E2D-6C442631F9FB}.Release|Any CPU.Build.0 = Release|Any CPU
	EndGlobalSection
	GlobalSection(SolutionProperties) = preSolution
		HideSolutionNode = FALSE
	EndGlobalSection
	GlobalSection(ExtensibilityGlobals) = postSolution
		SolutionGuid = {5DF2EE19-8621-451B-8E83-C1254D8F08C5}
	EndGlobalSection
EndGlobal
